
Microsoft Visual Studio Solution File, Format Version 12.00
# Visual Studio Version 17
VisualStudioVersion = 17.3.32922.545
MinimumVisualStudioVersion = 10.0.40219.1
Project("{FAE04EC0-301F-11D3-BF4B-00C04F79EFBC}") = "PracticeKateryna3", "PracticeKateryna3.csproj", "{9FA228A4-C83D-4D7E-BFAD-35CA578CBF0A}"
EndProject
Global
	GlobalSection(SolutionConfigurationPlatforms) = preSolution
		Debug|Any CPU = Debug|Any CPU
		Release|Any CPU = Release|Any CPU
	EndGlobalSection
	GlobalSection(ProjectConfigurationPlatforms) = postSolution
		{9FA228A4-C83D-4D7E-BFAD-35CA578CBF0A}.Debug|Any CPU.ActiveCfg = Debug|Any CPU
		{9FA228A4-C83D-4D7E-BFAD-35CA578CBF0A}.Debug|Any CPU.Build.0 = Debug|Any CPU
		{9FA228A4-C83D-4D7E-BFAD-35CA578CBF0A}.Release|Any CPU.ActiveCfg = Release|Any CPU
		{9FA228A4-C83D-4D7E-BFAD-35CA578CBF0A}.Release|Any CPU.Build.0 = Release|Any CPU
	EndGlobalSection
	GlobalSection(SolutionProperties) = preSolution
		HideSolutionNode = FALSE
	EndGlobalSection
	GlobalSection(ExtensibilityGlobals) = postSolution
		SolutionGuid = {C015ADB0-D567-4F9B-8854-58329A2A04C9}
	EndGlobalSection
EndGlobal
