
Microsoft Visual Studio Solution File, Format Version 12.00
# Visual Studio Version 17
VisualStudioVersion = 17.3.32922.545
MinimumVisualStudioVersion = 10.0.40219.1
Project("{FAE04EC0-301F-11D3-BF4B-00C04F79EFBC}") = "PracticeKateryna1", "PracticeKateryna1.csproj", "{599C3D58-60B2-4302-BE8A-D5F481AC8A61}"
EndProject
Global
	GlobalSection(SolutionConfigurationPlatforms) = preSolution
		Debug|Any CPU = Debug|Any CPU
		Release|Any CPU = Release|Any CPU
	EndGlobalSection
	GlobalSection(ProjectConfigurationPlatforms) = postSolution
		{599C3D58-60B2-4302-BE8A-D5F481AC8A61}.Debug|Any CPU.ActiveCfg = Debug|Any CPU
		{599C3D58-60B2-4302-BE8A-D5F481AC8A61}.Debug|Any CPU.Build.0 = Debug|Any CPU
		{599C3D58-60B2-4302-BE8A-D5F481AC8A61}.Release|Any CPU.ActiveCfg = Release|Any CPU
		{599C3D58-60B2-4302-BE8A-D5F481AC8A61}.Release|Any CPU.Build.0 = Release|Any CPU
	EndGlobalSection
	GlobalSection(SolutionProperties) = preSolution
		HideSolutionNode = FALSE
	EndGlobalSection
	GlobalSection(ExtensibilityGlobals) = postSolution
		SolutionGuid = {ADD1CCA0-2FBA-4B75-9417-735BFCC6A0BF}
	EndGlobalSection
EndGlobal
